
Microsoft Visual Studio Solution File, Format Version 12.00
# Visual Studio Version 16
VisualStudioVersion = 16.0.32002.261
MinimumVisualStudioVersion = 10.0.40219.1
Project("{FAE04EC0-301F-11D3-BF4B-00C04F79EFBC}") = "Calculadora", "Calculadora.csproj", "{D29D5E5E-54C8-4576-B11A-849F42ECD6EC}"
EndProject
Global
	GlobalSection(SolutionConfigurationPlatforms) = preSolution
		Debug|Any CPU = Debug|Any CPU
		Release|Any CPU = Release|Any CPU
	EndGlobalSection
	GlobalSection(ProjectConfigurationPlatforms) = postSolution
		{D29D5E5E-54C8-4576-B11A-849F42ECD6EC}.Debug|Any CPU.ActiveCfg = Debug|Any CPU
		{D29D5E5E-54C8-4576-B11A-849F42ECD6EC}.Debug|Any CPU.Build.0 = Debug|Any CPU
		{D29D5E5E-54C8-4576-B11A-849F42ECD6EC}.Release|Any CPU.ActiveCfg = Release|Any CPU
		{D29D5E5E-54C8-4576-B11A-849F42ECD6EC}.Release|Any CPU.Build.0 = Release|Any CPU
	EndGlobalSection
	GlobalSection(SolutionProperties) = preSolution
		HideSolutionNode = FALSE
	EndGlobalSection
	GlobalSection(ExtensibilityGlobals) = postSolution
		SolutionGuid = {E54B258D-DAB8-4DEB-89D7-519CB808CF47}
	EndGlobalSection
EndGlobal
